name: Update Package Lock

on:
  workflow_dispatch:

jobs:
  packagelock:
    strategy:
      matrix:
        node-version: [16.x]
    runs-on: ubuntu-latest
    steps:
      - uses: actions/checkout@v2
      - name: Use Node.js ${{ matrix.node-version }}
        uses: actions/setup-node@v2
        with:
          node-version: ${{ matrix.node-version }}
      - run: npm i --package-lock-only
      - name: Create Pull Request
        uses: peter-evans/create-pull-request@v3
        with:
          title: "Update Package Lock"
